# Generated by pub
# See https://dart.dev/tools/pub/glossary#lockfile
packages:
  archive:
    dependency: transitive
    description:
      name: archive
      sha256: a96e8b390886ee8abb49b7bd3ac8df6f451c621619f52a26e815fdcf568959ff
      url: "https://pub.dev"
    source: hosted
    version: "4.0.9"
  args:
    dependency: "direct main"
    description:
      name: args
      sha256: d0481093c50b1da8910eb0bb301626d4d8eb7284aa739614d2b394ee09e3ea04
      url: "https://pub.dev"
    source: hosted
    version: "2.7.0"
  ascii_qr:
    dependency: transitive
    description:
      name: ascii_qr
      sha256: "2046e400a0fa4ea0de5df44c87b992cdd1f76403bb15e64513b89263598750ae"
      url: "https://pub.dev"
    source: hosted
    version: "1.0.1"
  asn1lib:
    dependency: transitive
    description:
      name: asn1lib
      sha256: "9a8f69025044eb466b9b60ef3bc3ac99b4dc6c158ae9c56d25eeccf5bc56d024"
      url: "https://pub.dev"
    source: hosted
    version: "1.6.5"
  async:
    dependency: transitive
    description:
      name: async
      sha256: e2eb0491ba5ddb6177742d2da23904574082139b07c1e33b8503b9f46f3e1a37
      url: "https://pub.dev"
    source: hosted
    version: "2.13.1"
  basic_utils:
    dependency: transitive
    description:
      name: basic_utils
      sha256: "548047bef0b3b697be19fa62f46de54d99c9019a69fb7db92c69e19d87f633c7"
      url: "https://pub.dev"
    source: hosted
    version: "5.8.2"
  bech32:
    dependency: transitive
    description:
      name: bech32
      sha256: "156cbace936f7720c79a79d16a03efad343b1ef17106716e04b8b8e39f99f7f7"
      url: "https://pub.dev"
    source: hosted
    version: "0.2.2"
  bip340:
    dependency: transitive
    description:
      name: bip340
      sha256: "4c2df9fa2409d26f1d9334b2801015ebe4dc3978191f186743e60e89a90230c4"
      url: "https://pub.dev"
    source: hosted
    version: "0.3.1"
  bip39_mnemonic:
    dependency: transitive
    description:
      name: bip39_mnemonic
      sha256: dd6bdfc2547d986b2c00f99bba209c69c0b6fa5c1a185e1f728998282f1249d5
      url: "https://pub.dev"
    source: hosted
    version: "4.0.1"
  blossom_cache:
    dependency: "direct main"
    description:
      name: blossom_cache
      sha256: "17ba1c11971657a000d2b4126773fffb4743232408a6310c8248c6974df1ba5f"
      url: "https://pub.dev"
    source: hosted
    version: "0.4.0"
  blossom_upload_queue_shim_for_ndk:
    dependency: transitive
    description:
      name: blossom_upload_queue_shim_for_ndk
      sha256: "75916e025bf8d3690f126d13b716dce3d8c69dd7d58d10861014ec5fceeb093f"
      url: "https://pub.dev"
    source: hosted
    version: "0.6.0"
  broadcast_queue_shim_for_ndk:
    dependency: "direct main"
    description:
      name: broadcast_queue_shim_for_ndk
      sha256: a673189ce012a193ef3d35fa22b13414b6b0f127dff98645da10a93716c8a83a
      url: "https://pub.dev"
    source: hosted
    version: "0.4.0"
  bs58check:
    dependency: transitive
    description:
      name: bs58check
      sha256: c4a164d42b25c2f6bc88a8beccb9fc7d01440f3c60ba23663a20a70faf484ea9
      url: "https://pub.dev"
    source: hosted
    version: "1.0.2"
  cbor:
    dependency: transitive
    description:
      name: cbor
      sha256: "2c5c37650f0a2d25149f03e748ab7b2857787bde338f95fe947738b80d713da2"
      url: "https://pub.dev"
    source: hosted
    version: "6.5.1"
  characters:
    dependency: transitive
    description:
      name: characters
      sha256: faf38497bda5ead2a8c7615f4f7939df04333478bf32e4173fcb06d428b5716b
      url: "https://pub.dev"
    source: hosted
    version: "1.4.1"
  clock:
    dependency: transitive
    description:
      name: clock
      sha256: fddb70d9b5277016c77a80201021d40a2247104d9f4aa7bab7157b7e3f05b84b
      url: "https://pub.dev"
    source: hosted
    version: "1.1.2"
  code_assets:
    dependency: transitive
    description:
      name: code_assets
      sha256: "83ccdaa064c980b5596c35dd64a8d3ecc68620174ab9b90b6343b753aa721687"
      url: "https://pub.dev"
    source: hosted
    version: "1.0.0"
  collection:
    dependency: transitive
    description:
      name: collection
      sha256: "2f5709ae4d3d59dd8f7cd309b4e023046b57d8a6c82130785d2b0e5868084e76"
      url: "https://pub.dev"
    source: hosted
    version: "1.19.1"
  convert:
    dependency: transitive
    description:
      name: convert
      sha256: b30acd5944035672bc15c6b7a8b47d773e41e2f17de064350988c5d02adb1c68
      url: "https://pub.dev"
    source: hosted
    version: "3.1.2"
  crypto:
    dependency: transitive
    description:
      name: crypto
      sha256: c8ea0233063ba03258fbcf2ca4d6dadfefe14f02fab57702265467a19f27fadf
      url: "https://pub.dev"
    source: hosted
    version: "3.0.7"
  cryptography:
    dependency: transitive
    description:
      name: cryptography
      sha256: "3eda3029d34ec9095a27a198ac9785630fe525c0eb6a49f3d575272f8e792ef0"
      url: "https://pub.dev"
    source: hosted
    version: "2.9.0"
  csslib:
    dependency: transitive
    description:
      name: csslib
      sha256: "09bad715f418841f976c77db72d5398dc1253c21fb9c0c7f0b0b985860b2d58e"
      url: "https://pub.dev"
    source: hosted
    version: "1.0.2"
  elliptic:
    dependency: transitive
    description:
      name: elliptic
      sha256: "67931d408faa353bdebac9f7a1df0c3f6f828f4e8439cdf084573cd1601a2f4b"
      url: "https://pub.dev"
    source: hosted
    version: "0.3.12"
  encrypter_plus:
    dependency: transitive
    description:
      name: encrypter_plus
      sha256: "6f6f3c73e26058af4fd138369a928ccae667e45d254cf6ded6301a2d99551a67"
      url: "https://pub.dev"
    source: hosted
    version: "5.1.0"
  enough_convert:
    dependency: transitive
    description:
      name: enough_convert
      sha256: c67d85ca21aaa0648f155907362430701db41f7ec8e6501a58ad9cd9d8569d01
      url: "https://pub.dev"
    source: hosted
    version: "1.6.0"
  enough_mail_plus:
    dependency: "direct main"
    description:
      name: enough_mail_plus
      sha256: ae217a2491f7274236f06745087a453de5034d973d1bf70859d88b0cdeca38f0
      url: "https://pub.dev"
    source: hosted
    version: "2.2.4"
  equatable:
    dependency: transitive
    description:
      name: equatable
      sha256: "3bce007a596ff8b3119c45d68aaef631272537c03d30e5d4534dd24bf4c5eaa2"
      url: "https://pub.dev"
    source: hosted
    version: "2.1.0"
  ffi:
    dependency: transitive
    description:
      name: ffi
      sha256: "6d7fd89431262d8f3125e81b50d3847a091d846eafcd4fdb88dd06f36d705a45"
      url: "https://pub.dev"
    source: hosted
    version: "2.2.0"
  fixnum:
    dependency: transitive
    description:
      name: fixnum
      sha256: b6dc7065e46c974bc7c5f143080a6764ec7a4be6da1285ececdc37be96de53be
      url: "https://pub.dev"
    source: hosted
    version: "1.1.1"
  hex:
    dependency: transitive
    description:
      name: hex
      sha256: "4e7cd54e4b59ba026432a6be2dd9d96e4c5205725194997193bf871703b82c4a"
      url: "https://pub.dev"
    source: hosted
    version: "0.2.0"
  hooks:
    dependency: transitive
    description:
      name: hooks
      sha256: "025f060e86d2d4c3c47b56e33caf7f93bf9283340f26d23424ebcfccf34f621e"
      url: "https://pub.dev"
    source: hosted
    version: "1.0.3"
  html:
    dependency: transitive
    description:
      name: html
      sha256: "6d1264f2dffa1b1101c25a91dff0dc2daee4c18e87cd8538729773c073dbf602"
      url: "https://pub.dev"
    source: hosted
    version: "0.15.6"
  http:
    dependency: transitive
    description:
      name: http
      sha256: "87721a4a50b19c7f1d49001e51409bddc46303966ce89a65af4f4e6004896412"
      url: "https://pub.dev"
    source: hosted
    version: "1.6.0"
  http_parser:
    dependency: transitive
    description:
      name: http_parser
      sha256: "178d74305e7866013777bab2c3d8726205dc5a4dd935297175b19a23a2e66571"
      url: "https://pub.dev"
    source: hosted
    version: "4.1.2"
  idb_shim:
    dependency: transitive
    description:
      name: idb_shim
      sha256: "3448298f244bc76a14aca71461eeab6add2b8a877930521c42c2e8b71b644590"
      url: "https://pub.dev"
    source: hosted
    version: "2.9.6+2"
  intl:
    dependency: transitive
    description:
      name: intl
      sha256: "1ca20c894b1717686a2319b8548763d812bc0aabdac580420a44c5178c57a867"
      url: "https://pub.dev"
    source: hosted
    version: "0.20.3"
  json_annotation:
    dependency: transitive
    description:
      name: json_annotation
      sha256: "2a743920d81b7910627f68ee2c9ac1fc0bfee32b9fc3403587d7c6791ca12f80"
      url: "https://pub.dev"
    source: hosted
    version: "4.12.0"
  lints:
    dependency: "direct dev"
    description:
      name: lints
      sha256: "12f842a479589fea194fe5c5a3095abc7be0c1f2ddfa9a0e76aed1dbd26a87df"
      url: "https://pub.dev"
    source: hosted
    version: "6.1.0"
  logging:
    dependency: transitive
    description:
      name: logging
      sha256: c8245ada5f1717ed44271ed1c26b8ce85ca3228fd2ffdb75468ab01979309d61
      url: "https://pub.dev"
    source: hosted
    version: "1.3.0"
  meta:
    dependency: transitive
    description:
      name: meta
      sha256: "307249ce4ff29d58a18e97f6345f539382eb9c9c29ecda628900f31de0443dd9"
      url: "https://pub.dev"
    source: hosted
    version: "1.19.0"
  native_toolchain_rust:
    dependency: transitive
    description:
      name: native_toolchain_rust
      sha256: "26d4dcae954328af4ebfa8fc56cca0bf74b9ae8b4a6132de5da2071ac3d237b3"
      url: "https://pub.dev"
    source: hosted
    version: "1.0.4"
  ndk:
    dependency: "direct main"
    description:
      name: ndk
      sha256: d10177c99f27c184637a8c6a7dad120372f09432ddb49a59da82d8bc338ce972
      url: "https://pub.dev"
    source: hosted
    version: "0.8.4-dev.10"
  ndk_bip32_keys:
    dependency: transitive
    description:
      name: ndk_bip32_keys
      sha256: "6bc311451646b6d488ca8e4c9907dc0e8486d93de752d5ab09c5c7b6c96238d8"
      url: "https://pub.dev"
    source: hosted
    version: "0.1.0"
  nostr_address_book:
    dependency: "direct main"
    description:
      name: nostr_address_book
      sha256: "61be8b131c4f0f81732716f976f766e4547e1a2ec07444ca39720bc8168adb8a"
      url: "https://pub.dev"
    source: hosted
    version: "0.2.0"
  nostr_event_scheduler:
    dependency: transitive
    description:
      name: nostr_event_scheduler
      sha256: "436546005850cc2cd46f2e7b06be1e43589e8c6d31e1886dc89429d041a4c883"
      url: "https://pub.dev"
    source: hosted
    version: "0.3.0"
  nostr_mail:
    dependency: "direct main"
    description:
      name: nostr_mail
      sha256: b187206d3d3a4b3b729087e81af76e63fb90fb6192a9c61f61d1a472e099047d
      url: "https://pub.dev"
    source: hosted
    version: "2.6.2"
  path:
    dependency: "direct main"
    description:
      name: path
      sha256: "75cca69d1490965be98c73ceaea117e8a04dd21217b37b292c9ddbec0d955bc5"
      url: "https://pub.dev"
    source: hosted
    version: "1.9.1"
  petitparser:
    dependency: transitive
    description:
      name: petitparser
      sha256: "91bd59303e9f769f108f8df05e371341b15d59e995e6806aefab827b58336675"
      url: "https://pub.dev"
    source: hosted
    version: "7.0.2"
  pointycastle:
    dependency: transitive
    description:
      name: pointycastle
      sha256: "92aa3841d083cc4b0f4709b5c74fd6409a3e6ba833ffc7dc6a8fee096366acf5"
      url: "https://pub.dev"
    source: hosted
    version: "4.0.0"
  posix:
    dependency: transitive
    description:
      name: posix
      sha256: "185ef7606574f789b40f289c233efa52e96dead518aed988e040a10737febb07"
      url: "https://pub.dev"
    source: hosted
    version: "6.5.0"
  pub_semver:
    dependency: transitive
    description:
      name: pub_semver
      sha256: "5bfcf68ca79ef689f8990d1160781b4bad40a3bd5e5218ad4076ddb7f4081585"
      url: "https://pub.dev"
    source: hosted
    version: "2.2.0"
  qr:
    dependency: transitive
    description:
      name: qr
      sha256: "5a1d2586170e172b8a8c8470bbbffd5eb0cd38a66c0d77155ea138d3af3a4445"
      url: "https://pub.dev"
    source: hosted
    version: "3.0.2"
  record_use:
    dependency: transitive
    description:
      name: record_use
      sha256: "2551bd8eecfe95d14ae75f6021ad0248be5c27f138c2ec12fcb52b500b3ba1ed"
      url: "https://pub.dev"
    source: hosted
    version: "0.6.0"
  rxdart:
    dependency: transitive
    description:
      name: rxdart
      sha256: "5c3004a4a8dbb94bd4bf5412a4def4acdaa12e12f269737a5751369e12d1a962"
      url: "https://pub.dev"
    source: hosted
    version: "0.28.0"
  sembast:
    dependency: "direct main"
    description:
      name: sembast
      sha256: a58b26925e23071cf0f4754d8449aabe829e9a9930a872fb18e6ae4c2c88e025
      url: "https://pub.dev"
    source: hosted
    version: "3.8.9+1"
  sembast_web:
    dependency: transitive
    description:
      name: sembast_web
      sha256: f466feb09fd2b403ebe3f462880a6f9118e1488f14e32a61e21f9209264a066b
      url: "https://pub.dev"
    source: hosted
    version: "2.4.5+1"
  source_span:
    dependency: transitive
    description:
      name: source_span
      sha256: "56a02f1f4cd1a2d96303c0144c93bd6d909eea6bee6bf5a0e0b685edbd4c47ab"
      url: "https://pub.dev"
    source: hosted
    version: "1.10.2"
  stream_channel:
    dependency: transitive
    description:
      name: stream_channel
      sha256: "969e04c80b8bcdf826f8f16579c7b14d780458bd97f56d107d3950fdbeef059d"
      url: "https://pub.dev"
    source: hosted
    version: "2.1.4"
  string_scanner:
    dependency: transitive
    description:
      name: string_scanner
      sha256: "921cd31725b72fe181906c6a94d987c78e3b98c2e205b397ea399d4054872b43"
      url: "https://pub.dev"
    source: hosted
    version: "1.4.1"
  synchronized:
    dependency: transitive
    description:
      name: synchronized
      sha256: "93b153dcb6a26dcddee6ca087dd634b53e38c10b5aa163e8e49501a776456153"
      url: "https://pub.dev"
    source: hosted
    version: "3.4.1"
  term_glyph:
    dependency: transitive
    description:
      name: term_glyph
      sha256: "7f554798625ea768a7518313e58f83891c7f5024f88e46e7182a4558850a4b8e"
      url: "https://pub.dev"
    source: hosted
    version: "1.2.2"
  toml:
    dependency: transitive
    description:
      name: toml
      sha256: "35a35f782228656a2af31e8c73d1353cc4ef3d683fd68af1111b44631879c05e"
      url: "https://pub.dev"
    source: hosted
    version: "0.18.0"
  typed_data:
    dependency: transitive
    description:
      name: typed_data
      sha256: f9049c039ebfeb4cf7a7104a675823cd72dba8297f264b6637062516699fa006
      url: "https://pub.dev"
    source: hosted
    version: "1.4.0"
  unorm_dart:
    dependency: transitive
    description:
      name: unorm_dart
      sha256: "0c69186b03ca6addab0774bcc0f4f17b88d4ce78d9d4d8f0619e30a99ead58e7"
      url: "https://pub.dev"
    source: hosted
    version: "0.3.2"
  uuid:
    dependency: transitive
    description:
      name: uuid
      sha256: "9b129329f58692f6e6578329498a8fe9fbe98f090beb764ffbb8ee2eadd01dcd"
      url: "https://pub.dev"
    source: hosted
    version: "4.6.0"
  vcard_dart:
    dependency: transitive
    description:
      name: vcard_dart
      sha256: "4029df0b917c524ba6dbef9b6d79208038c86be5dd06d413978884559e39522b"
      url: "https://pub.dev"
    source: hosted
    version: "2.1.0"
  web:
    dependency: transitive
    description:
      name: web
      sha256: "868d88a33d8a87b18ffc05f9f030ba328ffefba92d6c127917a2ba740f9cfe4a"
      url: "https://pub.dev"
    source: hosted
    version: "1.1.1"
  web_socket:
    dependency: transitive
    description:
      name: web_socket
      sha256: "34d64019aa8e36bf9842ac014bb5d2f5586ca73df5e4d9bf5c936975cae6982c"
      url: "https://pub.dev"
    source: hosted
    version: "1.0.1"
  web_socket_channel:
    dependency: transitive
    description:
      name: web_socket_channel
      sha256: d645757fb0f4773d602444000a8131ff5d48c9e47adfe9772652dd1a4f2d45c8
      url: "https://pub.dev"
    source: hosted
    version: "3.0.3"
  web_socket_client:
    dependency: transitive
    description:
      name: web_socket_client
      sha256: "394789177aa3bc1b7b071622a1dbf52a4631d7ce23c555c39bb2523e92316b07"
      url: "https://pub.dev"
    source: hosted
    version: "0.2.1"
  xml:
    dependency: transitive
    description:
      name: xml
      sha256: "67f0aff7be013d107995e9b75bf4e7f2c3ef2dfdb2c8e68024bba0a7fd5756a4"
      url: "https://pub.dev"
    source: hosted
    version: "7.0.1"
  xxh3:
    dependency: transitive
    description:
      name: xxh3
      sha256: "399a0438f5d426785723c99da6b16e136f4953fb1e9db0bf270bd41dd4619916"
      url: "https://pub.dev"
    source: hosted
    version: "1.2.0"
  yaml:
    dependency: transitive
    description:
      name: yaml
      sha256: b9da305ac7c39faa3f030eccd175340f968459dae4af175130b3fc47e40d76ce
      url: "https://pub.dev"
    source: hosted
    version: "3.1.3"
sdks:
  dart: ">=3.12.2 <4.0.0"
